
Microsoft Visual Studio Solution File, Format Version 12.00
# Visual Studio Version 17
VisualStudioVersion = 17.0.32002.185
MinimumVisualStudioVersion = 10.0.40219.1
Project("{FAE04EC0-301F-11D3-BF4B-00C04F79EFBC}") = "HD_Verbinde_Laufwerk", "HD_Verbinde_Laufwerk\HD_Verbinde_Laufwerk.csproj", "{D3BFF715-7050-45A2-ADBD-C56E79A3CE81}"
EndProject
Global
	GlobalSection(SolutionConfigurationPlatforms) = preSolution
		Debug|Any CPU = Debug|Any CPU
		Release|Any CPU = Release|Any CPU
	EndGlobalSection
	GlobalSection(ProjectConfigurationPlatforms) = postSolution
		{D3BFF715-7050-45A2-ADBD-C56E79A3CE81}.Debug|Any CPU.ActiveCfg = Debug|Any CPU
		{D3BFF715-7050-45A2-ADBD-C56E79A3CE81}.Debug|Any CPU.Build.0 = Debug|Any CPU
		{D3BFF715-7050-45A2-ADBD-C56E79A3CE81}.Release|Any CPU.ActiveCfg = Release|Any CPU
		{D3BFF715-7050-45A2-ADBD-C56E79A3CE81}.Release|Any CPU.Build.0 = Release|Any CPU
	EndGlobalSection
	GlobalSection(SolutionProperties) = preSolution
		HideSolutionNode = FALSE
	EndGlobalSection
	GlobalSection(ExtensibilityGlobals) = postSolution
		SolutionGuid = {886732CE-595D-41E5-B47C-77BAF0C48CD3}
	EndGlobalSection
EndGlobal
